
Microsoft Visual Studio Solution File, Format Version 12.00
# Visual Studio Version 16
VisualStudioVersion = 16.0.31321.278
MinimumVisualStudioVersion = 10.0.40219.1
Project("{9A19103F-16F7-4668-BE54-9A1E7A4F7556}") = "ApiCadFilmes", "ApiCadFilmes.csproj", "{20C17DD2-333C-4ECB-AB44-D8F75FF1632B}"
EndProject
Global
	GlobalSection(SolutionConfigurationPlatforms) = preSolution
		Debug|Any CPU = Debug|Any CPU
		Release|Any CPU = Release|Any CPU
	EndGlobalSection
	GlobalSection(ProjectConfigurationPlatforms) = postSolution
		{20C17DD2-333C-4ECB-AB44-D8F75FF1632B}.Debug|Any CPU.ActiveCfg = Debug|Any CPU
		{20C17DD2-333C-4ECB-AB44-D8F75FF1632B}.Debug|Any CPU.Build.0 = Debug|Any CPU
		{20C17DD2-333C-4ECB-AB44-D8F75FF1632B}.Release|Any CPU.ActiveCfg = Release|Any CPU
		{20C17DD2-333C-4ECB-AB44-D8F75FF1632B}.Release|Any CPU.Build.0 = Release|Any CPU
	EndGlobalSection
	GlobalSection(SolutionProperties) = preSolution
		HideSolutionNode = FALSE
	EndGlobalSection
	GlobalSection(ExtensibilityGlobals) = postSolution
		SolutionGuid = {522E5A83-54C9-4A8D-B57E-4ACFE803B861}
	EndGlobalSection
EndGlobal
